Microsoft Visual Studio Solution File, Format Version 12.00
# Visual Studio 2012
Project("{FAE04EC0-301F-11D3-BF4B-00C04F79EFBC}") = "Tree", "Tree.csproj", "{ED1D755A-9E72-4979-A189-80B708B04FD0}"
EndProject
Global
	GlobalSection(SolutionConfigurationPlatforms) = preSolution
	Debug|Any CPU = Debug|Any CPU
	Release|Any CPU = Release|Any CPU
	Tools|Any CPU = Tools|Any CPU
	EndGlobalSection
	GlobalSection(ProjectConfigurationPlatforms) = postSolution
		{ED1D755A-9E72-4979-A189-80B708B04FD0}.Debug|Any CPU.ActiveCfg = Debug|Any CPU
		{ED1D755A-9E72-4979-A189-80B708B04FD0}.Debug|Any CPU.Build.0 = Debug|Any CPU
		{ED1D755A-9E72-4979-A189-80B708B04FD0}.Release|Any CPU.ActiveCfg = Release|Any CPU
		{ED1D755A-9E72-4979-A189-80B708B04FD0}.Release|Any CPU.Build.0 = Release|Any CPU
		{ED1D755A-9E72-4979-A189-80B708B04FD0}.Tools|Any CPU.ActiveCfg = Tools|Any CPU
		{ED1D755A-9E72-4979-A189-80B708B04FD0}.Tools|Any CPU.Build.0 = Tools|Any CPU
	EndGlobalSection
EndGlobal
